<Solution>
  <Project Path="Unity.PlasticSCM.Editor.csproj" />
  <Project Path="Unity.Services.Authentication.PlayerAccounts.csproj" />
  <Project Path="Unity.Services.Core.Internal.csproj" />
  <Project Path="Unity.Localization.csproj" />
  <Project Path="Unity.ShaderGraph.Editor.csproj" />
  <Project Path="Unity.ScriptableBuildPipeline.Editor.csproj" />
  <Project Path="Unity.Services.Vivox.csproj" />
  <Project Path="Unity.Mathematics.csproj" />
  <Project Path="Unity.Multiplayer.Center.Editor.csproj" />
  <Project Path="Unity.Cinemachine.Editor.csproj" />
  <Project Path="Unity.Services.Vivox.Editor.csproj" />
  <Project Path="Unity.Addressables.Editor.csproj" />
  <Project Path="Unity.VisualScripting.Core.Editor.csproj" />
  <Project Path="Unity.RenderPipelines.Universal.Editor.csproj" />
  <Project Path="Unity.PerformanceTesting.Editor.csproj" />
  <Project Path="Unity.Burst.csproj" />
  <Project Path="minimaputility.runtime.csproj" />
  <Project Path="Unity.VisualScripting.Flow.Editor.csproj" />
  <Project Path="Unity.RenderPipelines.Core.Editor.csproj" />
  <Project Path="Unity.Localization.Editor.csproj" />
  <Project Path="Unity.Networking.Transport.csproj" />
  <Project Path="Unity.Timeline.Editor.csproj" />
  <Project Path="Unity.VisualStudio.Editor.csproj" />
  <Project Path="Zenject.csproj" />
  <Project Path="Unity.Addressables.Android.csproj" />
  <Project Path="Unity.Services.QoS.csproj" />
  <Project Path="UnityEngine.UI.csproj" />
  <Project Path="Unity.Services.Authentication.Editor.csproj" />
  <Project Path="Unity.Searcher.Editor.csproj" />
  <Project Path="Unity.ResourceManager.csproj" />
  <Project Path="Unity.Services.Wire.Internal.csproj" />
  <Project Path="Unity.VisualScripting.Core.csproj" />
  <Project Path="Unity.Services.Core.Environments.Editor.csproj" />
  <Project Path="UnityEditor.TestRunner.csproj" />
  <Project Path="Unity.Cinemachine.csproj" />
  <Project Path="Unity.Services.Deployment.Core.csproj" />
  <Project Path="Unity.RenderPipelines.Universal.Runtime.csproj" />
  <Project Path="unity-websocket-sharp.csproj" />
  <Project Path="Unity.Services.Multiplayer.csproj" />
  <Project Path="Unity.Burst.CodeGen.csproj" />
  <Project Path="Unity.InputSystem.csproj" />
  <Project Path="Unity.Services.Authentication.csproj" />
  <Project Path="Unity.Addressables.DocExampleCode.Editor.Tests.csproj" />
  <Project Path="Unity.Services.Multiplayer.Editor.Shared.csproj" />
  <Project Path="Unity.VisualScripting.Flow.csproj" />
  <Project Path="Assembly-CSharp.csproj" />
  <Project Path="UnityEngine.TestRunner.csproj" />
  <Project Path="Unity.Splines.Editor.csproj" />
  <Project Path="Unity.PerformanceTesting.csproj" />
  <Project Path="gamedevutils.runtime.csproj" />
  <Project Path="Unity.TextMeshPro.csproj" />
  <Project Path="Unity.RenderPipelines.Core.Runtime.csproj" />
  <Project Path="saveableextension.runtime.csproj" />
  <Project Path="gamedevutils.editor.csproj" />
  <Project Path="Unity.RenderPipelines.GPUDriven.Runtime.csproj" />
  <Project Path="stickman-io.runtime.csproj" />
  <Project Path="Unity.Rider.Editor.csproj" />
  <Project Path="Unity.AI.Navigation.Updater.csproj" />
  <Project Path="Unity.VisualScripting.State.Editor.csproj" />
  <Project Path="Unity.RenderPipelines.Universal.2D.Runtime.csproj" />
  <Project Path="Unity.Collections.csproj" />
  <Project Path="Unity.Burst.Editor.csproj" />
  <Project Path="IngameDebugConsole.Runtime.csproj" />
  <Project Path="Unity.TextMeshPro.Editor.csproj" />
  <Project Path="Unity.RenderPipelines.Universal.2D.Editor.Overrides.csproj" />
  <Project Path="gamedevutils.tests.csproj" />
  <Project Path="Unity.VisualScripting.State.csproj" />
  <Project Path="Unity.Services.Multiplayer.Editor.Matchmaker.Authoring.csproj" />
  <Project Path="Unity.Networking.Editor.csproj" />
  <Project Path="UniTask.csproj" />
  <Project Path="Unity.InternalAPIEditorBridge.013.csproj" />
  <Project Path="Unity.AI.Navigation.Editor.csproj" />
  <Project Path="Unity.Services.Core.Editor.csproj" />
  <Project Path="Unity.Timeline.csproj" />
  <Project Path="vibrationplugin.tests.csproj" />
  <Project Path="virtualmouse.runtime.csproj" />
  <Project Path="Unity.AutoGroupGenerator.Editor.csproj" />
  <Project Path="Unity.RenderPipelines.Core.Editor.Shared.csproj" />
  <Project Path="UnityEditor.UI.csproj" />
  <Project Path="Unity.Multiplayer.Center.Common.csproj" />
  <Project Path="Unity.UnifiedRayTracing.Runtime.csproj" />
  <Project Path="Unity.Services.Deployment.csproj" />
  <Project Path="ChatChannelSample.csproj" />
  <Project Path="Boxophobic.Utils.Editor.csproj" />
  <Project Path="Unity.Collections.CodeGen.csproj" />
  <Project Path="Unity.Services.Core.Components.csproj" />
  <Project Path="UniTask.Linq.csproj" />
  <Project Path="Unity.Services.Multiplayer.Editor.Matchmaker.Authoring.Core.csproj" />
  <Project Path="Unity.Multiplayer.Center.Integrations.csproj" />
  <Project Path="ChatChannelSample.Editor.csproj" />
  <Project Path="Unity.Services.Core.Configuration.csproj" />
  <Project Path="Unity.Addressables.csproj" />
  <Project Path="Unity.Services.Authentication.PlayerAccounts.Editor.csproj" />
  <Project Path="Zenject-Editor.csproj" />
  <Project Path="projectsetup.runtime.csproj" />
  <Project Path="Unity.PathTracing.Runtime.csproj" />
  <Project Path="cachingobjectstool.tests.csproj" />
  <Project Path="Unity.Services.Core.Telemetry.csproj" />
  <Project Path="Unity.Settings.Editor.csproj" />
  <Project Path="Unity.InputSystem.TestFramework.csproj" />
  <Project Path="Boxophobic.Utils.Scripts.csproj" />
  <Project Path="Unity.Services.Deployment.Editor.Shared.csproj" />
  <Project Path="Unity.VisualScripting.Shared.Editor.csproj" />
  <Project Path="Unity.AI.Navigation.Editor.ConversionSystem.csproj" />
  <Project Path="gamedevutils.runtime.ui.csproj" />
  <Project Path="settingsmenu.runtime.ui.csproj" />
  <Project Path="Unity.Profiling.Core.csproj" />
  <Project Path="Unity.Services.Core.Analytics.csproj" />
  <Project Path="multiscenevontroller.runtime.csproj" />
  <Project Path="UnityEditor.UI.Analytics.csproj" />
  <Project Path="toolsetup.editor.csproj" />
  <Project Path="Unity.Addressables.Android.Editor.csproj" />
  <Project Path="Unity.SurfaceCache.Runtime.csproj" />
  <Project Path="Unity.InternalAPIEngineBridge.RenderPipelines.Core.Runtime.Shared.csproj" />
  <Project Path="Unity.Splines.csproj" />
  <Project Path="Unity.AI.Navigation.csproj" />
  <Project Path="settingsmenu.runtime.csproj" />
  <Project Path="Unity.Mathematics.Editor.csproj" />
  <Project Path="Unity.Services.Core.csproj" />
  <Project Path="cachingobjectstool.runtime.csproj" />
  <Project Path="userinterfacedevutils.runtime.ui.csproj" />
  <Project Path="Unity.CollabProxy.Editor.csproj" />
  <Project Path="multiscenecontroller.editor.csproj" />
  <Project Path="Unity.Services.DeploymentApi.csproj" />
  <Project Path="userinterfacedevutils.tests.csproj" />
  <Project Path="saveableextension.tests.csproj" />
  <Project Path="Unity.Services.Core.Registration.csproj" />
  <Project Path="Unity.PathTracing.Editor.csproj" />
  <Project Path="Unity.InputSystem.ForUI.csproj" />
  <Project Path="Unity.InternalAPIEngineBridge.004.csproj" />
  <Project Path="Unity.Services.Core.Device.csproj" />
  <Project Path="Unity.Services.Core.Configuration.Editor.csproj" />
  <Project Path="multiscenecontroller.runtime.ui.csproj" />
  <Project Path="Unity.InputSystem.DocCodeSamples.csproj" />
  <Project Path="multiscenecontroller.tests.csproj" />
  <Project Path="Unity.InternalAPIEditorBridge.ShaderGraph.Editor.csproj" />
  <Project Path="projectsetup.editor.csproj" />
  <Project Path="Unity.VisualScripting.SettingsProvider.Editor.csproj" />
  <Project Path="Unity.Services.Core.Scheduler.csproj" />
  <Project Path="stickman-io.runtime.ui.csproj" />
  <Project Path="UniTask.DOTween.csproj" />
  <Project Path="Unity.PlasticSCM.Editor.Entities.csproj" />
  <Project Path="cachingobjectstool.editor.csproj" />
  <Project Path="UniTask.Addressables.csproj" />
  <Project Path="Unity.Services.Core.Networking.csproj" />
  <Project Path="Boxophobic.SkyboxCubemapExtended.Editor.csproj" />
  <Project Path="Unity.Rendering.LightTransport.Editor.csproj" />
  <Project Path="Unity.Collections.Editor.csproj" />
  <Project Path="vibrationplugin.runtime.csproj" />
  <Project Path="Unity.VisualScripting.DocCodeExamples.csproj" />
  <Project Path="Unity.Services.Multiplayer.Editor.csproj" />
  <Project Path="Unity.RenderPipelines.ShaderGraph.ShaderGraphLibrary.csproj" />
  <Project Path="Unity.RenderPipelines.Core.ShaderLibrary.csproj" />
  <Project Path="Unity.Services.Core.Environments.csproj" />
  <Project Path="Unity.ScriptableBuildPipeline.csproj" />
  <Project Path="settingsmenu.editor.csproj" />
  <Project Path="minimaputility.tests.csproj" />
  <Project Path="Unity.InternalAPIEngineBridge.013.csproj" />
  <Project Path="saveableextension.editor.csproj" />
  <Project Path="virtualmouse.editor.csproj" />
  <Project Path="Unity.RenderPipelines.Core.Runtime.Shared.csproj" />
  <Project Path="Unity.Services.Core.Environments.Internal.csproj" />
  <Project Path="Unity.Services.Core.Threading.csproj" />
  <Project Path="Unity.ShaderGraph.Utilities.csproj" />
  <Project Path="Unity.RenderPipeline.Universal.ShaderLibrary.csproj" />
  <Project Path="Unity.Services.Authentication.Editor.Shared.csproj" />
  <Project Path="IngameDebugConsole.Editor.csproj" />
  <Project Path="UniTask.Editor.csproj" />
  <Project Path="UniTask.TextMeshPro.csproj" />
  <Project Path="Unity.RenderPipelines.Universal.Shaders.csproj" />
  <Project Path="vibrationplugin.editor.csproj" />
  <Project Path="minimaputility.editor.csproj" />
  <Project Path="Unity.RenderPipelines.Universal.Config.Runtime.csproj" />
</Solution>
